<?xml version="1.0" encoding="utf-8"?>
<Project ToolsVersion="4.0" xmlns="http://schemas.microsoft.com/developer/msbuild/2003">
  <ItemGroup>
    <Filter Include="Source Files">
      <UniqueIdentifier>{4FC737F1-C7A5-4376-A066-2A32D752A2FF}</UniqueIdentifier>
      <Extensions>cpp;c;cc;cxx;def;odl;idl;hpj;bat;asm;asmx</Extensions>
    </Filter>
    <Filter Include="Resource Files">
      <UniqueIdentifier>{67DA6AB6-F800-4c08-8B7A-83BB121AAD01}</UniqueIdentifier>
      <Extensions>rc;ico;cur;bmp;dlg;rc2;rct;bin;rgs;gif;jpg;jpeg;jpe;resx;tiff;tif;png;wav;mfcribbon-ms</Extensions>
    </Filter>
    <Filter Include="Engine">
      <UniqueIdentifier>{93995380-89BD-4b04-88EB-625FBE52EBFB}</UniqueIdentifier>
      <Extensions>h;hh;hpp;hxx;hm;inl;inc;xsd</Extensions>
    </Filter>
    <Filter Include="Engine\Components">
      <UniqueIdentifier>{41372e3d-35ae-403c-9250-594ce6f3fccb}</UniqueIdentifier>
    </Filter>
    <Filter Include="Engine\Managers">
      <UniqueIdentifier>{1daacfc6-16e3-4ca9-b6f8-ad64655d5a0b}</UniqueIdentifier>
    </Filter>
    <Filter Include="Engine\Textures">
      <UniqueIdentifier>{8e9429d3-6bce-4efb-966f-3aad3e97d08a}</UniqueIdentifier>
    </Filter>
    <Filter Include="Engine\Log">
      <UniqueIdentifier>{e552a80e-8c8c-494f-8fff-e2c64954f7f7}</UniqueIdentifier>
    </Filter>
    <Filter Include="Engine\SceneHelpers">
      <UniqueIdentifier>{95f2d2e5-9a6c-47a8-b497-ee98c340da98}</UniqueIdentifier>
    </Filter>
    <Filter Include="Engine\Core">
      <UniqueIdentifier>{ca080aba-ca21-4b16-8025-e932604f543f}</UniqueIdentifier>
    </Filter>
    <Filter Include="Source Files\Objects">
      <UniqueIdentifier>{62375be5-78d7-4d93-ace1-e655d247aa2a}</UniqueIdentifier>
    </Filter>
    <Filter Include="Source Files\DigDug">
      <UniqueIdentifier>{68633763-6a6c-42f3-9bcc-ec35987b41a1}</UniqueIdentifier>
    </Filter>
    <Filter Include="Engine\Components\GameElements">
      <UniqueIdentifier>{78429c3f-b95a-437c-b645-3d0abd329d46}</UniqueIdentifier>
    </Filter>
  </ItemGroup>
  <ItemGroup>
    <ClInclude Include="BaseComponent.h">
      <Filter>Engine\Components</Filter>
    </ClInclude>
    <ClInclude Include="FPSComponent.h">
      <Filter>Engine\Components</Filter>
    </ClInclude>
    <ClInclude Include="GameObject.h">
      <Filter>Source Files\Objects</Filter>
    </ClInclude>
    <ClInclude Include="SceneManager.h">
      <Filter>Engine\Managers</Filter>
    </ClInclude>
    <ClInclude Include="InputManager.h">
      <Filter>Engine\Managers</Filter>
    </ClInclude>
    <ClInclude Include="ResourceManager.h">
      <Filter>Engine\Managers</Filter>
    </ClInclude>
    <ClInclude Include="Texture2D.h">
      <Filter>Engine\Textures</Filter>
    </ClInclude>
    <ClInclude Include="Font.h">
      <Filter>Engine\Textures</Filter>
    </ClInclude>
    <ClInclude Include="Log.h">
      <Filter>Engine\Log</Filter>
    </ClInclude>
    <ClInclude Include="SceneObject.h">
      <Filter>Engine\SceneHelpers</Filter>
    </ClInclude>
    <ClInclude Include="Scene.h">
      <Filter>Engine\SceneHelpers</Filter>
    </ClInclude>
    <ClInclude Include="Renderer.h">
      <Filter>Engine\SceneHelpers</Filter>
    </ClInclude>
    <ClInclude Include="MiniginPCH.h">
      <Filter>Engine\Core</Filter>
    </ClInclude>
    <ClInclude Include="TextObject.h">
      <Filter>Source Files\Objects</Filter>
    </ClInclude>
    <ClInclude Include="Singleton.h">
      <Filter>Engine\Managers</Filter>
    </ClInclude>
    <ClInclude Include="targetver.h">
      <Filter>Engine\Core</Filter>
    </ClInclude>
    <ClInclude Include="Transform.h">
      <Filter>Engine\SceneHelpers</Filter>
    </ClInclude>
    <ClInclude Include="TextComponent.h">
      <Filter>Engine\Components</Filter>
    </ClInclude>
    <ClInclude Include="Commands.h">
      <Filter>Engine\SceneHelpers</Filter>
    </ClInclude>
    <ClInclude Include="FleeComponent.h">
      <Filter>Engine\Components\GameElements</Filter>
    </ClInclude>
    <ClInclude Include="SeekComponent.h">
      <Filter>Engine\Components\GameElements</Filter>
    </ClInclude>
    <ClInclude Include="SolidComponent.h">
      <Filter>Engine\Components\GameElements</Filter>
    </ClInclude>
    <ClInclude Include="WanderComponent.h">
      <Filter>Engine\Components\GameElements</Filter>
    </ClInclude>
    <ClInclude Include="CollisionComponent.h">
      <Filter>Engine\Components\GameElements</Filter>
    </ClInclude>
    <ClInclude Include="GameLifeSpan.h">
      <Filter>Engine\SceneHelpers</Filter>
    </ClInclude>
    <ClInclude Include="MapGenerator.h">
      <Filter>Engine\SceneHelpers</Filter>
    </ClInclude>
    <ClInclude Include="MoveComponent.h">
      <Filter>Engine\Components\GameElements</Filter>
    </ClInclude>
    <ClInclude Include="AIComponent.h">
      <Filter>Engine\Components\GameElements</Filter>
    </ClInclude>
    <ClInclude Include="HelperFunctions.h">
      <Filter>Engine\SceneHelpers</Filter>
    </ClInclude>
    <ClInclude Include="BaseState.h">
      <Filter>Engine\SceneHelpers</Filter>
    </ClInclude>
  </ItemGroup>
  <ItemGroup>
    <ClCompile Include="FPSComponent.cpp">
      <Filter>Engine\Components</Filter>
    </ClCompile>
    <ClCompile Include="BaseComponent.cpp">
      <Filter>Engine\Components</Filter>
    </ClCompile>
    <ClCompile Include="GameObject.cpp">
      <Filter>Source Files\Objects</Filter>
    </ClCompile>
    <ClCompile Include="ResourceManager.cpp">
      <Filter>Engine\Managers</Filter>
    </ClCompile>
    <ClCompile Include="SceneManager.cpp">
      <Filter>Engine\Managers</Filter>
    </ClCompile>
    <ClCompile Include="InputManager.cpp">
      <Filter>Engine\Managers</Filter>
    </ClCompile>
    <ClCompile Include="Texture2D.cpp">
      <Filter>Engine\Textures</Filter>
    </ClCompile>
    <ClCompile Include="Font.cpp">
      <Filter>Engine\Textures</Filter>
    </ClCompile>
    <ClCompile Include="Log.cpp">
      <Filter>Engine\Log</Filter>
    </ClCompile>
    <ClCompile Include="Scene.cpp">
      <Filter>Engine\SceneHelpers</Filter>
    </ClCompile>
    <ClCompile Include="Renderer.cpp">
      <Filter>Engine\SceneHelpers</Filter>
    </ClCompile>
    <ClCompile Include="MiniginPCH.cpp">
      <Filter>Engine\Core</Filter>
    </ClCompile>
    <ClCompile Include="TextObject.cpp">
      <Filter>Source Files\Objects</Filter>
    </ClCompile>
    <ClCompile Include="Transform.cpp">
      <Filter>Engine\SceneHelpers</Filter>
    </ClCompile>
    <ClCompile Include="TextComponent.cpp">
      <Filter>Engine\Components</Filter>
    </ClCompile>
    <ClCompile Include="Commands.cpp">
      <Filter>Engine\SceneHelpers</Filter>
    </ClCompile>
    <ClCompile Include="FleeComponent.cpp">
      <Filter>Engine\Components\GameElements</Filter>
    </ClCompile>
    <ClCompile Include="SeekComponent.cpp">
      <Filter>Engine\Components\GameElements</Filter>
    </ClCompile>
    <ClCompile Include="SolidComponent.cpp">
      <Filter>Engine\Components\GameElements</Filter>
    </ClCompile>
    <ClCompile Include="WanderComponent.cpp">
      <Filter>Engine\Components\GameElements</Filter>
    </ClCompile>
    <ClCompile Include="CollisionComponent.cpp">
      <Filter>Engine\Components\GameElements</Filter>
    </ClCompile>
    <ClCompile Include="MapGenerator.cpp">
      <Filter>Engine\SceneHelpers</Filter>
    </ClCompile>
    <ClCompile Include="MoveComponent.cpp">
      <Filter>Engine\Components\GameElements</Filter>
    </ClCompile>
    <ClCompile Include="AIComponent.cpp">
      <Filter>Engine\Components\GameElements</Filter>
    </ClCompile>
  </ItemGroup>
</Project>